// !$*UTF8*$!
{
	archiveVersion = 1;
	classes = {
	};
	objectVersion = 46;
	objects = {

/* Begin PBXBuildFile section */
		6CC0957FA0EEFB43252CEE18 /* Pods_Singleton_ExampleTests.framework in Frameworks */ = {isa = PBXBuildFile; fileRef = D19CE1719B0B804CE2777773 /* Pods_Singleton_ExampleTests.framework */; };
		9DE063C85032F6E287B3312C /* Pods_Singleton_Example.framework in Frameworks */ = {isa = PBXBuildFile; fileRef = 14C65EA6A6E4F4A660EFAAA7 /* Pods_Singleton_Example.framework */; };
		AB67844F1F3C8C5400E977CE /* AppDelegate.swift in Sources */ = {isa = PBXBuildFile; fileRef = AB67844E1F3C8C5400E977CE /* AppDelegate.swift */; };
		AB6784511F3C8C5400E977CE /* ViewController.swift in Sources */ = {isa = PBXBuildFile; fileRef = AB6784501F3C8C5400E977CE /* ViewController.swift */; };
		AB6784541F3C8C5500E977CE /* Main.storyboard in Resources */ = {isa = PBXBuildFile; fileRef = AB6784521F3C8C5500E977CE /* Main.storyboard */; };
		AB6784561F3C8C5500E977CE /* Assets.xcassets in Resources */ = {isa = PBXBuildFile; fileRef = AB6784551F3C8C5500E977CE /* Assets.xcassets */; };
		AB6784591F3C8C5500E977CE /* LaunchScreen.storyboard in Resources */ = {isa = PBXBuildFile; fileRef = AB6784571F3C8C5500E977CE /* LaunchScreen.storyboard */; };
		AB6784641F3C8C5500E977CE /* Singleton_ExampleTests.swift in Sources */ = {isa = PBXBuildFile; fileRef = AB6784631F3C8C5500E977CE /* Singleton_ExampleTests.swift */; };
		AB67846F1F3C8C5500E977CE /* Singleton_ExampleUITests.swift in Sources */ = {isa = PBXBuildFile; fileRef = AB67846E1F3C8C5500E977CE /* Singleton_ExampleUITests.swift */; };
		AB67847D1F3C922A00E977CE /* ConstantFile.swift in Sources */ = {isa = PBXBuildFile; fileRef = AB67847C1F3C922A00E977CE /* ConstantFile.swift */; };
		AB67847F1F3C926400E977CE /* GlobalAPI.swift in Sources */ = {isa = PBXBuildFile; fileRef = AB67847E1F3C926400E977CE /* GlobalAPI.swift */; };
		AB83DF9B1F3DB16900262600 /* UserTableViewCell.swift in Sources */ = {isa = PBXBuildFile; fileRef = AB83DF9A1F3DB16900262600 /* UserTableViewCell.swift */; };
		AB83DF9D1F3DB42C00262600 /* User.swift in Sources */ = {isa = PBXBuildFile; fileRef = AB83DF9C1F3DB42C00262600 /* User.swift */; };
		AB83DF9F1F3DD85500262600 /* DetailViewController.swift in Sources */ = {isa = PBXBuildFile; fileRef = AB83DF9E1F3DD85500262600 /* DetailViewController.swift */; };
		DF1163919C7E88C066F3257C /* Pods_Singleton_ExampleUITests.framework in Frameworks */ = {isa = PBXBuildFile; fileRef = FB35B1C5AE4F20501B958D39 /* Pods_Singleton_ExampleUITests.framework */; };
/* End PBXBuildFile section */

/* Begin PBXContainerItemProxy section */
		AB6784601F3C8C5500E977CE /* PBXContainerItemProxy */ = {
			isa = PBXContainerItemProxy;
			containerPortal = AB6784431F3C8C5400E977CE /* Project object */;
			proxyType = 1;
			remoteGlobalIDString = AB67844A1F3C8C5400E977CE;
			remoteInfo = "Singleton Example";
		};
		AB67846B1F3C8C5500E977CE /* PBXContainerItemProxy */ = {
			isa = PBXContainerItemProxy;
			containerPortal = AB6784431F3C8C5400E977CE /* Project object */;
			proxyType = 1;
			remoteGlobalIDString = AB67844A1F3C8C5400E977CE;
			remoteInfo = "Singleton Example";
		};
/* End PBXContainerItemProxy section */

/* Begin PBXFileReference section */
		013ED608E72E8693D291CED0 /* Pods-Singleton Example.debug.xcconfig */ = {isa = PBXFileReference; includeInIndex = 1; lastKnownFileType = text.xcconfig; name = "Pods-Singleton Example.debug.xcconfig"; path = "Pods/Target Support Files/Pods-Singleton Example/Pods-Singleton Example.debug.xcconfig"; sourceTree = "<group>"; };
		096D62840BDF206E87CB27DC /* Pods-Singleton Example.release.xcconfig */ = {isa = PBXFileReference; includeInIndex = 1; lastKnownFileType = text.xcconfig; name = "Pods-Singleton Example.release.xcconfig"; path = "Pods/Target Support Files/Pods-Singleton Example/Pods-Singleton Example.release.xcconfig"; sourceTree = "<group>"; };
		14C65EA6A6E4F4A660EFAAA7 /* Pods_Singleton_Example.framework */ = {isa = PBXFileReference; explicitFileType = wrapper.framework; includeInIndex = 0; path = Pods_Singleton_Example.framework; sourceTree = BUILT_PRODUCTS_DIR; };
		502D11EF295B29BBE43ABD91 /* Pods-Singleton ExampleTests.release.xcconfig */ = {isa = PBXFileReference; includeInIndex = 1; lastKnownFileType = text.xcconfig; name = "Pods-Singleton ExampleTests.release.xcconfig"; path = "Pods/Target Support Files/Pods-Singleton ExampleTests/Pods-Singleton ExampleTests.release.xcconfig"; sourceTree = "<group>"; };
		9055A90EF0810E0481F22B39 /* Pods-Singleton ExampleUITests.debug.xcconfig */ = {isa = PBXFileReference; includeInIndex = 1; lastKnownFileType = text.xcconfig; name = "Pods-Singleton ExampleUITests.debug.xcconfig"; path = "Pods/Target Support Files/Pods-Singleton ExampleUITests/Pods-Singleton ExampleUITests.debug.xcconfig"; sourceTree = "<group>"; };
		90B30F39B4990C47B3B2571C /* Pods-Singleton ExampleUITests.release.xcconfig */ = {isa = PBXFileReference; includeInIndex = 1; lastKnownFileType = text.xcconfig; name = "Pods-Singleton ExampleUITests.release.xcconfig"; path = "Pods/Target Support Files/Pods-Singleton ExampleUITests/Pods-Singleton ExampleUITests.release.xcconfig"; sourceTree = "<group>"; };
		AB67844B1F3C8C5400E977CE /* Singleton Example.app */ = {isa = PBXFileReference; explicitFileType = wrapper.application; includeInIndex = 0; path = "Singleton Example.app"; sourceTree = BUILT_PRODUCTS_DIR; };
		AB67844E1F3C8C5400E977CE /* AppDelegate.swift */ = {isa = PBXFileReference; lastKnownFileType = sourcecode.swift; path = AppDelegate.swift; sourceTree = "<group>"; };
		AB6784501F3C8C5400E977CE /* ViewController.swift */ = {isa = PBXFileReference; lastKnownFileType = sourcecode.swift; path = ViewController.swift; sourceTree = "<group>"; };
		AB6784531F3C8C5500E977CE /* Base */ = {isa = PBXFileReference; lastKnownFileType = file.storyboard; name = Base; path = Base.lproj/Main.storyboard; sourceTree = "<group>"; };
		AB6784551F3C8C5500E977CE /* Assets.xcassets */ = {isa = PBXFileReference; lastKnownFileType = folder.assetcatalog; path = Assets.xcassets; sourceTree = "<group>"; };
		AB6784581F3C8C5500E977CE /* Base */ = {isa = PBXFileReference; lastKnownFileType = file.storyboard; name = Base; path = Base.lproj/LaunchScreen.storyboard; sourceTree = "<group>"; };
		AB67845A1F3C8C5500E977CE /* Info.plist */ = {isa = PBXFileReference; lastKnownFileType = text.plist.xml; path = Info.plist; sourceTree = "<group>"; };
		AB67845F1F3C8C5500E977CE /* Singleton ExampleTests.xctest */ = {isa = PBXFileReference; explicitFileType = wrapper.cfbundle; includeInIndex = 0; path = "Singleton ExampleTests.xctest"; sourceTree = BUILT_PRODUCTS_DIR; };
		AB6784631F3C8C5500E977CE /* Singleton_ExampleTests.swift */ = {isa = PBXFileReference; lastKnownFileType = sourcecode.swift; path = Singleton_ExampleTests.swift; sourceTree = "<group>"; };
		AB6784651F3C8C5500E977CE /* Info.plist */ = {isa = PBXFileReference; lastKnownFileType = text.plist.xml; path = Info.plist; sourceTree = "<group>"; };
		AB67846A1F3C8C5500E977CE /* Singleton ExampleUITests.xctest */ = {isa = PBXFileReference; explicitFileType = wrapper.cfbundle; includeInIndex = 0; path = "Singleton ExampleUITests.xctest"; sourceTree = BUILT_PRODUCTS_DIR; };
		AB67846E1F3C8C5500E977CE /* Singleton_ExampleUITests.swift */ = {isa = PBXFileReference; lastKnownFileType = sourcecode.swift; path = Singleton_ExampleUITests.swift; sourceTree = "<group>"; };
		AB6784701F3C8C5500E977CE /* Info.plist */ = {isa = PBXFileReference; lastKnownFileType = text.plist.xml; path = Info.plist; sourceTree = "<group>"; };
		AB67847C1F3C922A00E977CE /* ConstantFile.swift */ = {isa = PBXFileReference; fileEncoding = 4; lastKnownFileType = sourcecode.swift; path = ConstantFile.swift; sourceTree = "<group>"; };
		AB67847E1F3C926400E977CE /* GlobalAPI.swift */ = {isa = PBXFileReference; fileEncoding = 4; lastKnownFileType = sourcecode.swift; path = GlobalAPI.swift; sourceTree = "<group>"; };
		AB83DF9A1F3DB16900262600 /* UserTableViewCell.swift */ = {isa = PBXFileReference; fileEncoding = 4; lastKnownFileType = sourcecode.swift; path = UserTableViewCell.swift; sourceTree = "<group>"; };
		AB83DF9C1F3DB42C00262600 /* User.swift */ = {isa = PBXFileReference; fileEncoding = 4; lastKnownFileType = sourcecode.swift; path = User.swift; sourceTree = "<group>"; };
		AB83DF9E1F3DD85500262600 /* DetailViewController.swift */ = {isa = PBXFileReference; fileEncoding = 4; lastKnownFileType = sourcecode.swift; path = DetailViewController.swift; sourceTree = "<group>"; };
		CBF70C5464EE02F5FEED9EBB /* Pods-Singleton ExampleTests.debug.xcconfig */ = {isa = PBXFileReference; includeInIndex = 1; lastKnownFileType = text.xcconfig; name = "Pods-Singleton ExampleTests.debug.xcconfig"; path = "Pods/Target Support Files/Pods-Singleton ExampleTests/Pods-Singleton ExampleTests.debug.xcconfig"; sourceTree = "<group>"; };
		D19CE1719B0B804CE2777773 /* Pods_Singleton_ExampleTests.framework */ = {isa = PBXFileReference; explicitFileType = wrapper.framework; includeInIndex = 0; path = Pods_Singleton_ExampleTests.framework; sourceTree = BUILT_PRODUCTS_DIR; };
		FB35B1C5AE4F20501B958D39 /* Pods_Singleton_ExampleUITests.framework */ = {isa = PBXFileReference; explicitFileType = wrapper.framework; includeInIndex = 0; path = Pods_Singleton_ExampleUITests.framework; sourceTree = BUILT_PRODUCTS_DIR; };
/* End PBXFileReference section */

/* Begin PBXFrameworksBuildPhase section */
		AB6784481F3C8C5400E977CE /* Frameworks */ = {
			isa = PBXFrameworksBuildPhase;
			buildActionMask = 2147483647;
			files = (
				9DE063C85032F6E287B3312C /* Pods_Singleton_Example.framework in Frameworks */,
			);
			runOnlyForDeploymentPostprocessing = 0;
		};
		AB67845C1F3C8C5500E977CE /* Frameworks */ = {
			isa = PBXFrameworksBuildPhase;
			buildActionMask = 2147483647;
			files = (
				6CC0957FA0EEFB43252CEE18 /* Pods_Singleton_ExampleTests.framework in Frameworks */,
			);
			runOnlyForDeploymentPostprocessing = 0;
		};
		AB6784671F3C8C5500E977CE /* Frameworks */ = {
			isa = PBXFrameworksBuildPhase;
			buildActionMask = 2147483647;
			files = (
				DF1163919C7E88C066F3257C /* Pods_Singleton_ExampleUITests.framework in Frameworks */,
			);
			runOnlyForDeploymentPostprocessing = 0;
		};
/* End PBXFrameworksBuildPhase section */

/* Begin PBXGroup section */
		0B63B2C9A5054BAA888E2ED7 /* Pods */ = {
			isa = PBXGroup;
			children = (
				013ED608E72E8693D291CED0 /* Pods-Singleton Example.debug.xcconfig */,
				096D62840BDF206E87CB27DC /* Pods-Singleton Example.release.xcconfig */,
				CBF70C5464EE02F5FEED9EBB /* Pods-Singleton ExampleTests.debug.xcconfig */,
				502D11EF295B29BBE43ABD91 /* Pods-Singleton ExampleTests.release.xcconfig */,
				9055A90EF0810E0481F22B39 /* Pods-Singleton ExampleUITests.debug.xcconfig */,
				90B30F39B4990C47B3B2571C /* Pods-Singleton ExampleUITests.release.xcconfig */,
			);
			name = Pods;
			sourceTree = "<group>";
		};
		7959A24A7CB0D8F6CA89D508 /* Frameworks */ = {
			isa = PBXGroup;
			children = (
				14C65EA6A6E4F4A660EFAAA7 /* Pods_Singleton_Example.framework */,
				D19CE1719B0B804CE2777773 /* Pods_Singleton_ExampleTests.framework */,
				FB35B1C5AE4F20501B958D39 /* Pods_Singleton_ExampleUITests.framework */,
			);
			name = Frameworks;
			sourceTree = "<group>";
		};
		AB6784421F3C8C5400E977CE = {
			isa = PBXGroup;
			children = (
				AB67844D1F3C8C5400E977CE /* Singleton Example */,
				AB6784621F3C8C5500E977CE /* Singleton ExampleTests */,
				AB67846D1F3C8C5500E977CE /* Singleton ExampleUITests */,
				AB67844C1F3C8C5400E977CE /* Products */,
				0B63B2C9A5054BAA888E2ED7 /* Pods */,
				7959A24A7CB0D8F6CA89D508 /* Frameworks */,
			);
			sourceTree = "<group>";
		};
		AB67844C1F3C8C5400E977CE /* Products */ = {
			isa = PBXGroup;
			children = (
				AB67844B1F3C8C5400E977CE /* Singleton Example.app */,
				AB67845F1F3C8C5500E977CE /* Singleton ExampleTests.xctest */,
				AB67846A1F3C8C5500E977CE /* Singleton ExampleUITests.xctest */,
			);
			name = Products;
			sourceTree = "<group>";
		};
		AB67844D1F3C8C5400E977CE /* Singleton Example */ = {
			isa = PBXGroup;
			children = (
				AB67844E1F3C8C5400E977CE /* AppDelegate.swift */,
				AB6784501F3C8C5400E977CE /* ViewController.swift */,
				AB83DF9E1F3DD85500262600 /* DetailViewController.swift */,
				AB67847C1F3C922A00E977CE /* ConstantFile.swift */,
				AB67847E1F3C926400E977CE /* GlobalAPI.swift */,
				AB83DF9A1F3DB16900262600 /* UserTableViewCell.swift */,
				AB83DF9C1F3DB42C00262600 /* User.swift */,
				AB6784521F3C8C5500E977CE /* Main.storyboard */,
				AB6784551F3C8C5500E977CE /* Assets.xcassets */,
				AB6784571F3C8C5500E977CE /* LaunchScreen.storyboard */,
				AB67845A1F3C8C5500E977CE /* Info.plist */,
			);
			path = "Singleton Example";
			sourceTree = "<group>";
		};
		AB6784621F3C8C5500E977CE /* Singleton ExampleTests */ = {
			isa = PBXGroup;
			children = (
				AB6784631F3C8C5500E977CE /* Singleton_ExampleTests.swift */,
				AB6784651F3C8C5500E977CE /* Info.plist */,
			);
			path = "Singleton ExampleTests";
			sourceTree = "<group>";
		};
		AB67846D1F3C8C5500E977CE /* Singleton ExampleUITests */ = {
			isa = PBXGroup;
			children = (
				AB67846E1F3C8C5500E977CE /* Singleton_ExampleUITests.swift */,
				AB6784701F3C8C5500E977CE /* Info.plist */,
			);
			path = "Singleton ExampleUITests";
			sourceTree = "<group>";
		};
/* End PBXGroup section */

/* Begin PBXNativeTarget section */
		AB67844A1F3C8C5400E977CE /* Singleton Example */ = {
			isa = PBXNativeTarget;
			buildConfigurationList = AB6784731F3C8C5500E977CE /* Build configuration list for PBXNativeTarget "Singleton Example" */;
			buildPhases = (
				BBBA7AE0D00361FDFBC955A9 /* [CP] Check Pods Manifest.lock */,
				AB6784471F3C8C5400E977CE /* Sources */,
				AB6784481F3C8C5400E977CE /* Frameworks */,
				AB6784491F3C8C5400E977CE /* Resources */,
				41EEC631DEFD2481D58C0EB7 /* [CP] Embed Pods Frameworks */,
				FDA4C7B37AA2DE9E4FCA6EE7 /* [CP] Copy Pods Resources */,
			);
			buildRules = (
			);
			dependencies = (
			);
			name = "Singleton Example";
			productName = "Singleton Example";
			productReference = AB67844B1F3C8C5400E977CE /* Singleton Example.app */;
			productType = "com.apple.product-type.application";
		};
		AB67845E1F3C8C5500E977CE /* Singleton ExampleTests */ = {
			isa = PBXNativeTarget;
			buildConfigurationList = AB6784761F3C8C5500E977CE /* Build configuration list for PBXNativeTarget "Singleton ExampleTests" */;
			buildPhases = (
				3A0295A067C4C83DEEEF679D /* [CP] Check Pods Manifest.lock */,
				AB67845B1F3C8C5500E977CE /* Sources */,
				AB67845C1F3C8C5500E977CE /* Frameworks */,
				AB67845D1F3C8C5500E977CE /* Resources */,
				932D9D20D7B5F6AB6D449072 /* [CP] Embed Pods Frameworks */,
				781891ECB06B31FC49739831 /* [CP] Copy Pods Resources */,
			);
			buildRules = (
			);
			dependencies = (
				AB6784611F3C8C5500E977CE /* PBXTargetDependency */,
			);
			name = "Singleton ExampleTests";
			productName = "Singleton ExampleTests";
			productReference = AB67845F1F3C8C5500E977CE /* Singleton ExampleTests.xctest */;
			productType = "com.apple.product-type.bundle.unit-test";
		};
		AB6784691F3C8C5500E977CE /* Singleton ExampleUITests */ = {
			isa = PBXNativeTarget;
			buildConfigurationList = AB6784791F3C8C5500E977CE /* Build configuration list for PBXNativeTarget "Singleton ExampleUITests" */;
			buildPhases = (
				335634C06F3ACED4D741FBF3 /* [CP] Check Pods Manifest.lock */,
				AB6784661F3C8C5500E977CE /* Sources */,
				AB6784671F3C8C5500E977CE /* Frameworks */,
				AB6784681F3C8C5500E977CE /* Resources */,
				86B21AD89A6FBE4525E5516A /* [CP] Embed Pods Frameworks */,
				39C21A5F3555437D87035D22 /* [CP] Copy Pods Resources */,
			);
			buildRules = (
			);
			dependencies = (
				AB67846C1F3C8C5500E977CE /* PBXTargetDependency */,
			);
			name = "Singleton ExampleUITests";
			productName = "Singleton ExampleUITests";
			productReference = AB67846A1F3C8C5500E977CE /* Singleton ExampleUITests.xctest */;
			productType = "com.apple.product-type.bundle.ui-testing";
		};
/* End PBXNativeTarget section */

/* Begin PBXProject section */
		AB6784431F3C8C5400E977CE /* Project object */ = {
			isa = PBXProject;
			attributes = {
				LastSwiftUpdateCheck = 0830;
				LastUpgradeCheck = 0830;
				ORGANIZATIONNAME = "Sybrant Technologies";
				TargetAttributes = {
					AB67844A1F3C8C5400E977CE = {
						CreatedOnToolsVersion = 8.3.2;
						DevelopmentTeam = E7PG6R4RE6;
						ProvisioningStyle = Automatic;
					};
					AB67845E1F3C8C5500E977CE = {
						CreatedOnToolsVersion = 8.3.2;
						DevelopmentTeam = E7PG6R4RE6;
						ProvisioningStyle = Automatic;
						TestTargetID = AB67844A1F3C8C5400E977CE;
					};
					AB6784691F3C8C5500E977CE = {
						CreatedOnToolsVersion = 8.3.2;
						DevelopmentTeam = E7PG6R4RE6;
						ProvisioningStyle = Automatic;
						TestTargetID = AB67844A1F3C8C5400E977CE;
					};
				};
			};
			buildConfigurationList = AB6784461F3C8C5400E977CE /* Build configuration list for PBXProject "Singleton Example" */;
			compatibilityVersion = "Xcode 3.2";
			developmentRegion = English;
			hasScannedForEncodings = 0;
			knownRegions = (
				en,
				Base,
			);
			mainGroup = AB6784421F3C8C5400E977CE;
			productRefGroup = AB67844C1F3C8C5400E977CE /* Products */;
			projectDirPath = "";
			projectRoot = "";
			targets = (
				AB67844A1F3C8C5400E977CE /* Singleton Example */,
				AB67845E1F3C8C5500E977CE /* Singleton ExampleTests */,
				AB6784691F3C8C5500E977CE /* Singleton ExampleUITests */,
			);
		};
/* End PBXProject section */

/* Begin PBXResourcesBuildPhase section */
		AB6784491F3C8C5400E977CE /* Resources */ = {
			isa = PBXResourcesBuildPhase;
			buildActionMask = 2147483647;
			files = (
				AB6784591F3C8C5500E977CE /* LaunchScreen.storyboard in Resources */,
				AB6784561F3C8C5500E977CE /* Assets.xcassets in Resources */,
				AB6784541F3C8C5500E977CE /* Main.storyboard in Resources */,
			);
			runOnlyForDeploymentPostprocessing = 0;
		};
		AB67845D1F3C8C5500E977CE /* Resources */ = {
			isa = PBXResourcesBuildPhase;
			buildActionMask = 2147483647;
			files = (
			);
			runOnlyForDeploymentPostprocessing = 0;
		};
		AB6784681F3C8C5500E977CE /* Resources */ = {
			isa = PBXResourcesBuildPhase;
			buildActionMask = 2147483647;
			files = (
			);
			runOnlyForDeploymentPostprocessing = 0;
		};
/* End PBXResourcesBuildPhase section */

/* Begin PBXShellScriptBuildPhase section */
		335634C06F3ACED4D741FBF3 /* [CP] Check Pods Manifest.lock */ = {
			isa = PBXShellScriptBuildPhase;
			buildActionMask = 2147483647;
			files = (
			);
			inputPaths = (
			);
			name = "[CP] Check Pods Manifest.lock";
			outputPaths = (
			);
			runOnlyForDeploymentPostprocessing = 0;
			shellPath = /bin/sh;
			shellScript = "diff \"${PODS_PODFILE_DIR_PATH}/Podfile.lock\" \"${PODS_ROOT}/Manifest.lock\" > /dev/null\nif [ $? != 0 ] ; then\n    # print error to STDERR\n    echo \"error: The sandbox is not in sync with the Podfile.lock. Run 'pod install' or update your CocoaPods installation.\" >&2\n    exit 1\nfi\n";
			showEnvVarsInLog = 0;
		};
		39C21A5F3555437D87035D22 /* [CP] Copy Pods Resources */ = {
			isa = PBXShellScriptBuildPhase;
			buildActionMask = 2147483647;
			files = (
			);
			inputPaths = (
			);
			name = "[CP] Copy Pods Resources";
			outputPaths = (
			);
			runOnlyForDeploymentPostprocessing = 0;
			shellPath = /bin/sh;
			shellScript = "\"${SRCROOT}/Pods/Target Support Files/Pods-Singleton ExampleUITests/Pods-Singleton ExampleUITests-resources.sh\"\n";
			showEnvVarsInLog = 0;
		};
		3A0295A067C4C83DEEEF679D /* [CP] Check Pods Manifest.lock */ = {
			isa = PBXShellScriptBuildPhase;
			buildActionMask = 2147483647;
			files = (
			);
			inputPaths = (
			);
			name = "[CP] Check Pods Manifest.lock";
			outputPaths = (
			);
			runOnlyForDeploymentPostprocessing = 0;
			shellPath = /bin/sh;
			shellScript = "diff \"${PODS_PODFILE_DIR_PATH}/Podfile.lock\" \"${PODS_ROOT}/Manifest.lock\" > /dev/null\nif [ $? != 0 ] ; then\n    # print error to STDERR\n    echo \"error: The sandbox is not in sync with the Podfile.lock. Run 'pod install' or update your CocoaPods installation.\" >&2\n    exit 1\nfi\n";
			showEnvVarsInLog = 0;
		};
		41EEC631DEFD2481D58C0EB7 /* [CP] Embed Pods Frameworks */ = {
			isa = PBXShellScriptBuildPhase;
			buildActionMask = 2147483647;
			files = (
			);
			inputPaths = (
			);
			name = "[CP] Embed Pods Frameworks";
			outputPaths = (
			);
			runOnlyForDeploymentPostprocessing = 0;
			shellPath = /bin/sh;
			shellScript = "\"${SRCROOT}/Pods/Target Support Files/Pods-Singleton Example/Pods-Singleton Example-frameworks.sh\"\n";
			showEnvVarsInLog = 0;
		};
		781891ECB06B31FC49739831 /* [CP] Copy Pods Resources */ = {
			isa = PBXShellScriptBuildPhase;
			buildActionMask = 2147483647;
			files = (
			);
			inputPaths = (
			);
			name = "[CP] Copy Pods Resources";
			outputPaths = (
			);
			runOnlyForDeploymentPostprocessing = 0;
			shellPath = /bin/sh;
			shellScript = "\"${SRCROOT}/Pods/Target Support Files/Pods-Singleton ExampleTests/Pods-Singleton ExampleTests-resources.sh\"\n";
			showEnvVarsInLog = 0;
		};
		86B21AD89A6FBE4525E5516A /* [CP] Embed Pods Frameworks */ = {
			isa = PBXShellScriptBuildPhase;
			buildActionMask = 2147483647;
			files = (
			);
			inputPaths = (
			);
			name = "[CP] Embed Pods Frameworks";
			outputPaths = (
			);
			runOnlyForDeploymentPostprocessing = 0;
			shellPath = /bin/sh;
			shellScript = "\"${SRCROOT}/Pods/Target Support Files/Pods-Singleton ExampleUITests/Pods-Singleton ExampleUITests-frameworks.sh\"\n";
			showEnvVarsInLog = 0;
		};
		932D9D20D7B5F6AB6D449072 /* [CP] Embed Pods Frameworks */ = {
			isa = PBXShellScriptBuildPhase;
			buildActionMask = 2147483647;
			files = (
			);
			inputPaths = (
			);
			name = "[CP] Embed Pods Frameworks";
			outputPaths = (
			);
			runOnlyForDeploymentPostprocessing = 0;
			shellPath = /bin/sh;
			shellScript = "\"${SRCROOT}/Pods/Target Support Files/Pods-Singleton ExampleTests/Pods-Singleton ExampleTests-frameworks.sh\"\n";
			showEnvVarsInLog = 0;
		};
		BBBA7AE0D00361FDFBC955A9 /* [CP] Check Pods Manifest.lock */ = {
			isa = PBXShellScriptBuildPhase;
			buildActionMask = 2147483647;
			files = (
			);
			inputPaths = (
			);
			name = "[CP] Check Pods Manifest.lock";
			outputPaths = (
			);
			runOnlyForDeploymentPostprocessing = 0;
			shellPath = /bin/sh;
			shellScript = "diff \"${PODS_PODFILE_DIR_PATH}/Podfile.lock\" \"${PODS_ROOT}/Manifest.lock\" > /dev/null\nif [ $? != 0 ] ; then\n    # print error to STDERR\n    echo \"error: The sandbox is not in sync with the Podfile.lock. Run 'pod install' or update your CocoaPods installation.\" >&2\n    exit 1\nfi\n";
			showEnvVarsInLog = 0;
		};
		FDA4C7B37AA2DE9E4FCA6EE7 /* [CP] Copy Pods Resources */ = {
			isa = PBXShellScriptBuildPhase;
			buildActionMask = 2147483647;
			files = (
			);
			inputPaths = (
			);
			name = "[CP] Copy Pods Resources";
			outputPaths = (
			);
			runOnlyForDeploymentPostprocessing = 0;
			shellPath = /bin/sh;
			shellScript = "\"${SRCROOT}/Pods/Target Support Files/Pods-Singleton Example/Pods-Singleton Example-resources.sh\"\n";
			showEnvVarsInLog = 0;
		};
/* End PBXShellScriptBuildPhase section */

/* Begin PBXSourcesBuildPhase section */
		AB6784471F3C8C5400E977CE /* Sources */ = {
			isa = PBXSourcesBuildPhase;
			buildActionMask = 2147483647;
			files = (
				AB6784511F3C8C5400E977CE /* ViewController.swift in Sources */,
				AB67847F1F3C926400E977CE /* GlobalAPI.swift in Sources */,
				AB83DF9D1F3DB42C00262600 /* User.swift in Sources */,
				AB67844F1F3C8C5400E977CE /* AppDelegate.swift in Sources */,
				AB67847D1F3C922A00E977CE /* ConstantFile.swift in Sources */,
				AB83DF9B1F3DB16900262600 /* UserTableViewCell.swift in Sources */,
				AB83DF9F1F3DD85500262600 /* DetailViewController.swift in Sources */,
			);
			runOnlyForDeploymentPostprocessing = 0;
		};
		AB67845B1F3C8C5500E977CE /* Sources */ = {
			isa = PBXSourcesBuildPhase;
			buildActionMask = 2147483647;
			files = (
				AB6784641F3C8C5500E977CE /* Singleton_ExampleTests.swift in Sources */,
			);
			runOnlyForDeploymentPostprocessing = 0;
		};
		AB6784661F3C8C5500E977CE /* Sources */ = {
			isa = PBXSourcesBuildPhase;
			buildActionMask = 2147483647;
			files = (
				AB67846F1F3C8C5500E977CE /* Singleton_ExampleUITests.swift in Sources */,
			);
			runOnlyForDeploymentPostprocessing = 0;
		};
/* End PBXSourcesBuildPhase section */

/* Begin PBXTargetDependency section */
		AB6784611F3C8C5500E977CE /* PBXTargetDependency */ = {
			isa = PBXTargetDependency;
			target = AB67844A1F3C8C5400E977CE /* Singleton Example */;
			targetProxy = AB6784601F3C8C5500E977CE /* PBXContainerItemProxy */;
		};
		AB67846C1F3C8C5500E977CE /* PBXTargetDependency */ = {
			isa = PBXTargetDependency;
			target = AB67844A1F3C8C5400E977CE /* Singleton Example */;
			targetProxy = AB67846B1F3C8C5500E977CE /* PBXContainerItemProxy */;
		};
/* End PBXTargetDependency section */

/* Begin PBXVariantGroup section */
		AB6784521F3C8C5500E977CE /* Main.storyboard */ = {
			isa = PBXVariantGroup;
			children = (
				AB6784531F3C8C5500E977CE /* Base */,
			);
			name = Main.storyboard;
			sourceTree = "<group>";
		};
		AB6784571F3C8C5500E977CE /* LaunchScreen.storyboard */ = {
			isa = PBXVariantGroup;
			children = (
				AB6784581F3C8C5500E977CE /* Base */,
			);
			name = LaunchScreen.storyboard;
			sourceTree = "<group>";
		};
/* End PBXVariantGroup section */

/* Begin XCBuildConfiguration section */
		AB6784711F3C8C5500E977CE /* Debug */ = {
			isa = XCBuildConfiguration;
			buildSettings = {
				ALWAYS_SEARCH_USER_PATHS = NO;
				CLANG_ANALYZER_NONNULL = YES;
				CLANG_ANALYZER_NUMBER_OBJECT_CONVERSION = YES_AGGRESSIVE;
				CLANG_CXX_LANGUAGE_STANDARD = "gnu++0x";
				CLANG_CXX_LIBRARY = "libc++";
				CLANG_ENABLE_MODULES = YES;
				CLANG_ENABLE_OBJC_ARC = YES;
				CLANG_WARN_BOOL_CONVERSION = YES;
				CLANG_WARN_CONSTANT_CONVERSION = YES;
				CLANG_WARN_DIRECT_OBJC_ISA_USAGE = YES_ERROR;
				CLANG_WARN_DOCUMENTATION_COMMENTS = YES;
				CLANG_WARN_EMPTY_BODY = YES;
				CLANG_WARN_ENUM_CONVERSION = YES;
				CLANG_WARN_INFINITE_RECURSION = YES;
				CLANG_WARN_INT_CONVERSION = YES;
				CLANG_WARN_OBJC_ROOT_CLASS = YES_ERROR;
				CLANG_WARN_SUSPICIOUS_MOVE = YES;
				CLANG_WARN_UNREACHABLE_CODE = YES;
				CLANG_WARN__DUPLICATE_METHOD_MATCH = YES;
				"CODE_SIGN_IDENTITY[sdk=iphoneos*]" = "iPhone Developer";
				COPY_PHASE_STRIP = NO;
				DEBUG_INFORMATION_FORMAT = dwarf;
				ENABLE_STRICT_OBJC_MSGSEND = YES;
				ENABLE_TESTABILITY = YES;
				GCC_C_LANGUAGE_STANDARD = gnu99;
				GCC_DYNAMIC_NO_PIC = NO;
				GCC_NO_COMMON_BLOCKS = YES;
				GCC_OPTIMIZATION_LEVEL = 0;
				GCC_PREPROCESSOR_DEFINITIONS = (
					"DEBUG=1",
					"$(inherited)",
				);
				GCC_WARN_64_TO_32_BIT_CONVERSION = YES;
				GCC_WARN_ABOUT_RETURN_TYPE = YES_ERROR;
				GCC_WARN_UNDECLARED_SELECTOR = YES;
				GCC_WARN_UNINITIALIZED_AUTOS = YES_AGGRESSIVE;
				GCC_WARN_UNUSED_FUNCTION = YES;
				GCC_WARN_UNUSED_VARIABLE = YES;
				IPHONEOS_DEPLOYMENT_TARGET = 10.3;
				MTL_ENABLE_DEBUG_INFO = YES;
				ONLY_ACTIVE_ARCH = YES;
				SDKROOT = iphoneos;
				SWIFT_ACTIVE_COMPILATION_CONDITIONS = DEBUG;
				SWIFT_OPTIMIZATION_LEVEL = "-Onone";
			};
			name = Debug;
		};
		AB6784721F3C8C5500E977CE /* Release */ = {
			isa = XCBuildConfiguration;
			buildSettings = {
				ALWAYS_SEARCH_USER_PATHS = NO;
				CLANG_ANALYZER_NONNULL = YES;
				CLANG_ANALYZER_NUMBER_OBJECT_CONVERSION = YES_AGGRESSIVE;
				CLANG_CXX_LANGUAGE_STANDARD = "gnu++0x";
				CLANG_CXX_LIBRARY = "libc++";
				CLANG_ENABLE_MODULES = YES;
				CLANG_ENABLE_OBJC_ARC = YES;
				CLANG_WARN_BOOL_CONVERSION = YES;
				CLANG_WARN_CONSTANT_CONVERSION = YES;
				CLANG_WARN_DIRECT_OBJC_ISA_USAGE = YES_ERROR;
				CLANG_WARN_DOCUMENTATION_COMMENTS = YES;
				CLANG_WARN_EMPTY_BODY = YES;
				CLANG_WARN_ENUM_CONVERSION = YES;
				CLANG_WARN_INFINITE_RECURSION = YES;
				CLANG_WARN_INT_CONVERSION = YES;
				CLANG_WARN_OBJC_ROOT_CLASS = YES_ERROR;
				CLANG_WARN_SUSPICIOUS_MOVE = YES;
				CLANG_WARN_UNREACHABLE_CODE = YES;
				CLANG_WARN__DUPLICATE_METHOD_MATCH = YES;
				"CODE_SIGN_IDENTITY[sdk=iphoneos*]" = "iPhone Developer";
				COPY_PHASE_STRIP = NO;
				DEBUG_INFORMATION_FORMAT = "dwarf-with-dsym";
				ENABLE_NS_ASSERTIONS = NO;
				ENABLE_STRICT_OBJC_MSGSEND = YES;
				GCC_C_LANGUAGE_STANDARD = gnu99;
				GCC_NO_COMMON_BLOCKS = YES;
				GCC_WARN_64_TO_32_BIT_CONVERSION = YES;
				GCC_WARN_ABOUT_RETURN_TYPE = YES_ERROR;
				GCC_WARN_UNDECLARED_SELECTOR = YES;
				GCC_WARN_UNINITIALIZED_AUTOS = YES_AGGRESSIVE;
				GCC_WARN_UNUSED_FUNCTION = YES;
				GCC_WARN_UNUSED_VARIABLE = YES;
				IPHONEOS_DEPLOYMENT_TARGET = 10.3;
				MTL_ENABLE_DEBUG_INFO = NO;
				SDKROOT = iphoneos;
				SWIFT_OPTIMIZATION_LEVEL = "-Owholemodule";
				VALIDATE_PRODUCT = YES;
			};
			name = Release;
		};
		AB6784741F3C8C5500E977CE /* Debug */ = {
			isa = XCBuildConfiguration;
			baseConfigurationReference = 013ED608E72E8693D291CED0 /* Pods-Singleton Example.debug.xcconfig */;
			buildSettings = {
				ASSETCATALOG_COMPILER_APPICON_NAME = AppIcon;
				DEVELOPMENT_TEAM = E7PG6R4RE6;
				INFOPLIST_FILE = "Singleton Example/Info.plist";
				LD_RUNPATH_SEARCH_PATHS = "$(inherited) @executable_path/Frameworks";
				PRODUCT_BUNDLE_IDENTIFIER = "com.sybrant.Singleton-Example";
				PRODUCT_NAME = "$(TARGET_NAME)";
				SWIFT_VERSION = 3.0;
			};
			name = Debug;
		};
		AB6784751F3C8C5500E977CE /* Release */ = {
			isa = XCBuildConfiguration;
			baseConfigurationReference = 096D62840BDF206E87CB27DC /* Pods-Singleton Example.release.xcconfig */;
			buildSettings = {
				ASSETCATALOG_COMPILER_APPICON_NAME = AppIcon;
				DEVELOPMENT_TEAM = E7PG6R4RE6;
				INFOPLIST_FILE = "Singleton Example/Info.plist";
				LD_RUNPATH_SEARCH_PATHS = "$(inherited) @executable_path/Frameworks";
				PRODUCT_BUNDLE_IDENTIFIER = "com.sybrant.Singleton-Example";
				PRODUCT_NAME = "$(TARGET_NAME)";
				SWIFT_VERSION = 3.0;
			};
			name = Release;
		};
		AB6784771F3C8C5500E977CE /* Debug */ = {
			isa = XCBuildConfiguration;
			baseConfigurationReference = CBF70C5464EE02F5FEED9EBB /* Pods-Singleton ExampleTests.debug.xcconfig */;
			buildSettings = {
				ALWAYS_EMBED_SWIFT_STANDARD_LIBRARIES = YES;
				BUNDLE_LOADER = "$(TEST_HOST)";
				DEVELOPMENT_TEAM = E7PG6R4RE6;
				INFOPLIST_FILE = "Singleton ExampleTests/Info.plist";
				LD_RUNPATH_SEARCH_PATHS = "$(inherited) @executable_path/Frameworks @loader_path/Frameworks";
				PRODUCT_BUNDLE_IDENTIFIER = "com.sybrant.Singleton-ExampleTests";
				PRODUCT_NAME = "$(TARGET_NAME)";
				SWIFT_VERSION = 3.0;
				TEST_HOST = "$(BUILT_PRODUCTS_DIR)/Singleton Example.app/Singleton Example";
			};
			name = Debug;
		};
		AB6784781F3C8C5500E977CE /* Release */ = {
			isa = XCBuildConfiguration;
			baseConfigurationReference = 502D11EF295B29BBE43ABD91 /* Pods-Singleton ExampleTests.release.xcconfig */;
			buildSettings = {
				ALWAYS_EMBED_SWIFT_STANDARD_LIBRARIES = YES;
				BUNDLE_LOADER = "$(TEST_HOST)";
				DEVELOPMENT_TEAM = E7PG6R4RE6;
				INFOPLIST_FILE = "Singleton ExampleTests/Info.plist";
				LD_RUNPATH_SEARCH_PATHS = "$(inherited) @executable_path/Frameworks @loader_path/Frameworks";
				PRODUCT_BUNDLE_IDENTIFIER = "com.sybrant.Singleton-ExampleTests";
				PRODUCT_NAME = "$(TARGET_NAME)";
				SWIFT_VERSION = 3.0;
				TEST_HOST = "$(BUILT_PRODUCTS_DIR)/Singleton Example.app/Singleton Example";
			};
			name = Release;
		};
		AB67847A1F3C8C5500E977CE /* Debug */ = {
			isa = XCBuildConfiguration;
			baseConfigurationReference = 9055A90EF0810E0481F22B39 /* Pods-Singleton ExampleUITests.debug.xcconfig */;
			buildSettings = {
				ALWAYS_EMBED_SWIFT_STANDARD_LIBRARIES = YES;
				DEVELOPMENT_TEAM = E7PG6R4RE6;
				INFOPLIST_FILE = "Singleton ExampleUITests/Info.plist";
				LD_RUNPATH_SEARCH_PATHS = "$(inherited) @executable_path/Frameworks @loader_path/Frameworks";
				PRODUCT_BUNDLE_IDENTIFIER = "com.sybrant.Singleton-ExampleUITests";
				PRODUCT_NAME = "$(TARGET_NAME)";
				SWIFT_VERSION = 3.0;
				TEST_TARGET_NAME = "Singleton Example";
			};
			name = Debug;
		};
		AB67847B1F3C8C5500E977CE /* Release */ = {
			isa = XCBuildConfiguration;
			baseConfigurationReference = 90B30F39B4990C47B3B2571C /* Pods-Singleton ExampleUITests.release.xcconfig */;
			buildSettings = {
				ALWAYS_EMBED_SWIFT_STANDARD_LIBRARIES = YES;
				DEVELOPMENT_TEAM = E7PG6R4RE6;
				INFOPLIST_FILE = "Singleton ExampleUITests/Info.plist";
				LD_RUNPATH_SEARCH_PATHS = "$(inherited) @executable_path/Frameworks @loader_path/Frameworks";
				PRODUCT_BUNDLE_IDENTIFIER = "com.sybrant.Singleton-ExampleUITests";
				PRODUCT_NAME = "$(TARGET_NAME)";
				SWIFT_VERSION = 3.0;
				TEST_TARGET_NAME = "Singleton Example";
			};
			name = Release;
		};
/* End XCBuildConfiguration section */

/* Begin XCConfigurationList section */
		AB6784461F3C8C5400E977CE /* Build configuration list for PBXProject "Singleton Example" */ = {
			isa = XCConfigurationList;
			buildConfigurations = (
				AB6784711F3C8C5500E977CE /* Debug */,
				AB6784721F3C8C5500E977CE /* Release */,
			);
			defaultConfigurationIsVisible = 0;
			defaultConfigurationName = Release;
		};
		AB6784731F3C8C5500E977CE /* Build configuration list for PBXNativeTarget "Singleton Example" */ = {
			isa = XCConfigurationList;
			buildConfigurations = (
				AB6784741F3C8C5500E977CE /* Debug */,
				AB6784751F3C8C5500E977CE /* Release */,
			);
			defaultConfigurationIsVisible = 0;
			defaultConfigurationName = Release;
		};
		AB6784761F3C8C5500E977CE /* Build configuration list for PBXNativeTarget "Singleton ExampleTests" */ = {
			isa = XCConfigurationList;
			buildConfigurations = (
				AB6784771F3C8C5500E977CE /* Debug */,
				AB6784781F3C8C5500E977CE /* Release */,
			);
			defaultConfigurationIsVisible = 0;
			defaultConfigurationName = Release;
		};
		AB6784791F3C8C5500E977CE /* Build configuration list for PBXNativeTarget "Singleton ExampleUITests" */ = {
			isa = XCConfigurationList;
			buildConfigurations = (
				AB67847A1F3C8C5500E977CE /* Debug */,
				AB67847B1F3C8C5500E977CE /* Release */,
			);
			defaultConfigurationIsVisible = 0;
			defaultConfigurationName = Release;
		};
/* End XCConfigurationList section */
	};
	rootObject = AB6784431F3C8C5400E977CE /* Project object */;
}
